
Microsoft Visual Studio Solution File, Format Version 12.00
# Visual Studio Version 17
VisualStudioVersion = 17.4.33403.182
MinimumVisualStudioVersion = 10.0.40219.1
Project("{9A19103F-16F7-4668-BE54-9A1E7A4F7556}") = "YazıilimGelistiriciYetistirme", "YazıilimGelistiriciYetistirme\YazıilimGelistiriciYetistirme.csproj", "{0D4E3483-73DE-46B8-8B3F-4D76D56F929D}"
EndProject
Project("{9A19103F-16F7-4668-BE54-9A1E7A4F7556}") = "Matematik", "Matematik\Matematik.csproj", "{03256FEA-2382-42FC-AFC5-C3BB8B68D3C7}"
EndProject
Project("{9A19103F-16F7-4668-BE54-9A1E7A4F7556}") = "DegerVeReferansTipler", "DegerVeReferansTipler\DegerVeReferansTipler.csproj", "{F2C2BC52-D01C-4049-9673-FEF50E1E2BE3}"
EndProject
Project("{9A19103F-16F7-4668-BE54-9A1E7A4F7556}") = "OOP1", "OOP1\OOP1.csproj", "{5639727D-05F9-4EF6-8E14-094E4A871884}"
EndProject
Project("{9A19103F-16F7-4668-BE54-9A1E7A4F7556}") = "Koleksiyonlar", "Koleksiyonlar\Koleksiyonlar.csproj", "{9D333552-AF35-48D3-AAAE-4819F1F3C7ED}"
EndProject
Project("{9A19103F-16F7-4668-BE54-9A1E7A4F7556}") = "GenericsIntro", "GenericsIntro\GenericsIntro.csproj", "{27035886-BAF7-4DDD-97E9-EEBAE3D5D631}"
EndProject
Project("{9A19103F-16F7-4668-BE54-9A1E7A4F7556}") = "DictionaryTest", "DictionaryTest\DictionaryTest.csproj", "{5D6DBECA-A449-402E-91A6-D94BAE77CE59}"
EndProject
Project("{FAE04EC0-301F-11D3-BF4B-00C04F79EFBC}") = "OOP2", "OOP2\OOP2.csproj", "{FA7899B0-D777-4138-A8D9-F13C3764E389}"
EndProject
Project("{FAE04EC0-301F-11D3-BF4B-00C04F79EFBC}") = "OOP3", "OOP3\OOP3.csproj", "{ABCF421D-FF64-48C4-8D26-5A31F2EF8B6C}"
EndProject
Global
	GlobalSection(SolutionConfigurationPlatforms) = preSolution
		Debug|Any CPU = Debug|Any CPU
		Release|Any CPU = Release|Any CPU
	EndGlobalSection
	GlobalSection(ProjectConfigurationPlatforms) = postSolution
		{0D4E3483-73DE-46B8-8B3F-4D76D56F929D}.Debug|Any CPU.ActiveCfg = Debug|Any CPU
		{0D4E3483-73DE-46B8-8B3F-4D76D56F929D}.Debug|Any CPU.Build.0 = Debug|Any CPU
		{0D4E3483-73DE-46B8-8B3F-4D76D56F929D}.Release|Any CPU.ActiveCfg = Release|Any CPU
		{0D4E3483-73DE-46B8-8B3F-4D76D56F929D}.Release|Any CPU.Build.0 = Release|Any CPU
		{03256FEA-2382-42FC-AFC5-C3BB8B68D3C7}.Debug|Any CPU.ActiveCfg = Debug|Any CPU
		{03256FEA-2382-42FC-AFC5-C3BB8B68D3C7}.Debug|Any CPU.Build.0 = Debug|Any CPU
		{03256FEA-2382-42FC-AFC5-C3BB8B68D3C7}.Release|Any CPU.ActiveCfg = Release|Any CPU
		{03256FEA-2382-42FC-AFC5-C3BB8B68D3C7}.Release|Any CPU.Build.0 = Release|Any CPU
		{F2C2BC52-D01C-4049-9673-FEF50E1E2BE3}.Debug|Any CPU.ActiveCfg = Debug|Any CPU
		{F2C2BC52-D01C-4049-9673-FEF50E1E2BE3}.Debug|Any CPU.Build.0 = Debug|Any CPU
		{F2C2BC52-D01C-4049-9673-FEF50E1E2BE3}.Release|Any CPU.ActiveCfg = Release|Any CPU
		{F2C2BC52-D01C-4049-9673-FEF50E1E2BE3}.Release|Any CPU.Build.0 = Release|Any CPU
		{5639727D-05F9-4EF6-8E14-094E4A871884}.Debug|Any CPU.ActiveCfg = Debug|Any CPU
		{5639727D-05F9-4EF6-8E14-094E4A871884}.Debug|Any CPU.Build.0 = Debug|Any CPU
		{5639727D-05F9-4EF6-8E14-094E4A871884}.Release|Any CPU.ActiveCfg = Release|Any CPU
		{5639727D-05F9-4EF6-8E14-094E4A871884}.Release|Any CPU.Build.0 = Release|Any CPU
		{9D333552-AF35-48D3-AAAE-4819F1F3C7ED}.Debug|Any CPU.ActiveCfg = Debug|Any CPU
		{9D333552-AF35-48D3-AAAE-4819F1F3C7ED}.Debug|Any CPU.Build.0 = Debug|Any CPU
		{9D333552-AF35-48D3-AAAE-4819F1F3C7ED}.Release|Any CPU.ActiveCfg = Release|Any CPU
		{9D333552-AF35-48D3-AAAE-4819F1F3C7ED}.Release|Any CPU.Build.0 = Release|Any CPU
		{27035886-BAF7-4DDD-97E9-EEBAE3D5D631}.Debug|Any CPU.ActiveCfg = Debug|Any CPU
		{27035886-BAF7-4DDD-97E9-EEBAE3D5D631}.Debug|Any CPU.Build.0 = Debug|Any CPU
		{27035886-BAF7-4DDD-97E9-EEBAE3D5D631}.Release|Any CPU.ActiveCfg = Release|Any CPU
		{27035886-BAF7-4DDD-97E9-EEBAE3D5D631}.Release|Any CPU.Build.0 = Release|Any CPU
		{5D6DBECA-A449-402E-91A6-D94BAE77CE59}.Debug|Any CPU.ActiveCfg = Debug|Any CPU
		{5D6DBECA-A449-402E-91A6-D94BAE77CE59}.Debug|Any CPU.Build.0 = Debug|Any CPU
		{5D6DBECA-A449-402E-91A6-D94BAE77CE59}.Release|Any CPU.ActiveCfg = Release|Any CPU
		{5D6DBECA-A449-402E-91A6-D94BAE77CE59}.Release|Any CPU.Build.0 = Release|Any CPU
		{FA7899B0-D777-4138-A8D9-F13C3764E389}.Debug|Any CPU.ActiveCfg = Debug|Any CPU
		{FA7899B0-D777-4138-A8D9-F13C3764E389}.Debug|Any CPU.Build.0 = Debug|Any CPU
		{FA7899B0-D777-4138-A8D9-F13C3764E389}.Release|Any CPU.ActiveCfg = Release|Any CPU
		{FA7899B0-D777-4138-A8D9-F13C3764E389}.Release|Any CPU.Build.0 = Release|Any CPU
		{ABCF421D-FF64-48C4-8D26-5A31F2EF8B6C}.Debug|Any CPU.ActiveCfg = Debug|Any CPU
		{ABCF421D-FF64-48C4-8D26-5A31F2EF8B6C}.Debug|Any CPU.Build.0 = Debug|Any CPU
		{ABCF421D-FF64-48C4-8D26-5A31F2EF8B6C}.Release|Any CPU.ActiveCfg = Release|Any CPU
		{ABCF421D-FF64-48C4-8D26-5A31F2EF8B6C}.Release|Any CPU.Build.0 = Release|Any CPU
	EndGlobalSection
	GlobalSection(SolutionProperties) = preSolution
		HideSolutionNode = FALSE
	EndGlobalSection
	GlobalSection(ExtensibilityGlobals) = postSolution
		SolutionGuid = {B7F92B60-E538-49ED-A5FD-1CAA2C227A3C}
	EndGlobalSection
EndGlobal
